
Microsoft Visual Studio Solution File, Format Version 12.00
Project("{FAE04EC0-301F-11D3-BF4B-00C04F79EFBC}") = "InventoryAPI", "InventoryAPI\InventoryAPI.csproj", "{CC8CC4D6-E82B-46AC-BD9A-A97FE66E9A5D}"
EndProject
Global
	GlobalSection(SolutionConfigurationPlatforms) = preSolution
		Debug|Any CPU = Debug|Any CPU
		Release|Any CPU = Release|Any CPU
	EndGlobalSection
	GlobalSection(ProjectConfigurationPlatforms) = postSolution
		{CC8CC4D6-E82B-46AC-BD9A-A97FE66E9A5D}.Debug|Any CPU.ActiveCfg = Debug|Any CPU
		{CC8CC4D6-E82B-46AC-BD9A-A97FE66E9A5D}.Debug|Any CPU.Build.0 = Debug|Any CPU
		{CC8CC4D6-E82B-46AC-BD9A-A97FE66E9A5D}.Release|Any CPU.ActiveCfg = Release|Any CPU
		{CC8CC4D6-E82B-46AC-BD9A-A97FE66E9A5D}.Release|Any CPU.Build.0 = Release|Any CPU
	EndGlobalSection
EndGlobal
